
Microsoft Visual Studio Solution File, Format Version 12.00
# Visual Studio 2013
VisualStudioVersion = 12.0.30324.0
MinimumVisualStudioVersion = 10.0.40219.1
Project("{FAE04EC0-301F-11D3-BF4B-00C04F79EFBC}") = "Host", "Host\Host.csproj", "{A6819492-C0A5-471E-B953-60ACB8327CFB}"
EndProject
Project("{FAE04EC0-301F-11D3-BF4B-00C04F79EFBC}") = "Client", "Client\Client.csproj", "{1A97A619-73DA-47DB-A897-B63829DA5239}"
EndProject
Project("{FAE04EC0-301F-11D3-BF4B-00C04F79EFBC}") = "MyService", "Service\MyService.csproj", "{B51F05A1-ECBC-4130-BDBF-791D698C9AB8}"
EndProject
Project("{FAE04EC0-301F-11D3-BF4B-00C04F79EFBC}") = "MyServiceContract", "ServiceContract\MyServiceContract.csproj", "{5846EDE5-CE37-421C-AE09-DAAECE57B974}"
EndProject
Project("{2150E333-8FDC-42A3-9474-1A3956D46DE8}") = ".nuget", ".nuget", "{427F0A15-EF5B-4AAB-A855-A748274483BC}"
	ProjectSection(SolutionItems) = preProject
		.nuget\NuGet.Config = .nuget\NuGet.Config
		.nuget\NuGet.exe = .nuget\NuGet.exe
		.nuget\NuGet.targets = .nuget\NuGet.targets
	EndProjectSection
EndProject
Global
	GlobalSection(SolutionConfigurationPlatforms) = preSolution
		Debug|Any CPU = Debug|Any CPU
		Debug|Mixed Platforms = Debug|Mixed Platforms
		Debug|x86 = Debug|x86
		Release|Any CPU = Release|Any CPU
		Release|Mixed Platforms = Release|Mixed Platforms
		Release|x86 = Release|x86
	EndGlobalSection
	GlobalSection(ProjectConfigurationPlatforms) = postSolution
		{A6819492-C0A5-471E-B953-60ACB8327CFB}.Debug|Any CPU.ActiveCfg = Debug|x86
		{A6819492-C0A5-471E-B953-60ACB8327CFB}.Debug|Mixed Platforms.ActiveCfg = Debug|x86
		{A6819492-C0A5-471E-B953-60ACB8327CFB}.Debug|Mixed Platforms.Build.0 = Debug|x86
		{A6819492-C0A5-471E-B953-60ACB8327CFB}.Debug|x86.ActiveCfg = Debug|x86
		{A6819492-C0A5-471E-B953-60ACB8327CFB}.Debug|x86.Build.0 = Debug|x86
		{A6819492-C0A5-471E-B953-60ACB8327CFB}.Release|Any CPU.ActiveCfg = Release|x86
		{A6819492-C0A5-471E-B953-60ACB8327CFB}.Release|Mixed Platforms.ActiveCfg = Release|x86
		{A6819492-C0A5-471E-B953-60ACB8327CFB}.Release|Mixed Platforms.Build.0 = Release|x86
		{A6819492-C0A5-471E-B953-60ACB8327CFB}.Release|x86.ActiveCfg = Release|x86
		{A6819492-C0A5-471E-B953-60ACB8327CFB}.Release|x86.Build.0 = Release|x86
		{1A97A619-73DA-47DB-A897-B63829DA5239}.Debug|Any CPU.ActiveCfg = Debug|x86
		{1A97A619-73DA-47DB-A897-B63829DA5239}.Debug|Mixed Platforms.ActiveCfg = Debug|x86
		{1A97A619-73DA-47DB-A897-B63829DA5239}.Debug|Mixed Platforms.Build.0 = Debug|x86
		{1A97A619-73DA-47DB-A897-B63829DA5239}.Debug|x86.ActiveCfg = Debug|x86
		{1A97A619-73DA-47DB-A897-B63829DA5239}.Debug|x86.Build.0 = Debug|x86
		{1A97A619-73DA-47DB-A897-B63829DA5239}.Release|Any CPU.ActiveCfg = Release|x86
		{1A97A619-73DA-47DB-A897-B63829DA5239}.Release|Mixed Platforms.ActiveCfg = Release|x86
		{1A97A619-73DA-47DB-A897-B63829DA5239}.Release|Mixed Platforms.Build.0 = Release|x86
		{1A97A619-73DA-47DB-A897-B63829DA5239}.Release|x86.ActiveCfg = Release|x86
		{1A97A619-73DA-47DB-A897-B63829DA5239}.Release|x86.Build.0 = Release|x86
		{B51F05A1-ECBC-4130-BDBF-791D698C9AB8}.Debug|Any CPU.ActiveCfg = Debug|Any CPU
		{B51F05A1-ECBC-4130-BDBF-791D698C9AB8}.Debug|Any CPU.Build.0 = Debug|Any CPU
		{B51F05A1-ECBC-4130-BDBF-791D698C9AB8}.Debug|Mixed Platforms.ActiveCfg = Debug|Any CPU
		{B51F05A1-ECBC-4130-BDBF-791D698C9AB8}.Debug|Mixed Platforms.Build.0 = Debug|Any CPU
		{B51F05A1-ECBC-4130-BDBF-791D698C9AB8}.Debug|x86.ActiveCfg = Debug|Any CPU
		{B51F05A1-ECBC-4130-BDBF-791D698C9AB8}.Release|Any CPU.ActiveCfg = Release|Any CPU
		{B51F05A1-ECBC-4130-BDBF-791D698C9AB8}.Release|Any CPU.Build.0 = Release|Any CPU
		{B51F05A1-ECBC-4130-BDBF-791D698C9AB8}.Release|Mixed Platforms.ActiveCfg = Release|Any CPU
		{B51F05A1-ECBC-4130-BDBF-791D698C9AB8}.Release|Mixed Platforms.Build.0 = Release|Any CPU
		{B51F05A1-ECBC-4130-BDBF-791D698C9AB8}.Release|x86.ActiveCfg = Release|Any CPU
		{5846EDE5-CE37-421C-AE09-DAAECE57B974}.Debug|Any CPU.ActiveCfg = Debug|Any CPU
		{5846EDE5-CE37-421C-AE09-DAAECE57B974}.Debug|Any CPU.Build.0 = Debug|Any CPU
		{5846EDE5-CE37-421C-AE09-DAAECE57B974}.Debug|Mixed Platforms.ActiveCfg = Debug|Any CPU
		{5846EDE5-CE37-421C-AE09-DAAECE57B974}.Debug|Mixed Platforms.Build.0 = Debug|Any CPU
		{5846EDE5-CE37-421C-AE09-DAAECE57B974}.Debug|x86.ActiveCfg = Debug|Any CPU
		{5846EDE5-CE37-421C-AE09-DAAECE57B974}.Release|Any CPU.ActiveCfg = Release|Any CPU
		{5846EDE5-CE37-421C-AE09-DAAECE57B974}.Release|Any CPU.Build.0 = Release|Any CPU
		{5846EDE5-CE37-421C-AE09-DAAECE57B974}.Release|Mixed Platforms.ActiveCfg = Release|Any CPU
		{5846EDE5-CE37-421C-AE09-DAAECE57B974}.Release|Mixed Platforms.Build.0 = Release|Any CPU
		{5846EDE5-CE37-421C-AE09-DAAECE57B974}.Release|x86.ActiveCfg = Release|Any CPU
	EndGlobalSection
	GlobalSection(SolutionProperties) = preSolution
		HideSolutionNode = FALSE
	EndGlobalSection
EndGlobal
